
Microsoft Visual Studio Solution File, Format Version 12.00
# Visual Studio Version 17
VisualStudioVersion = 17.11.35312.102
MinimumVisualStudioVersion = 10.0.40219.1
Project("{FAE04EC0-301F-11D3-BF4B-00C04F79EFBC}") = "LanRemoteDesktop.Common", "LanRemoteDesktop.Common\LanRemoteDesktop.Common.csproj", "{2C374696-FDD1-4289-B62A-F6DE9029A8C6}"
EndProject
Project("{FAE04EC0-301F-11D3-BF4B-00C04F79EFBC}") = "LanRemoteDesktop.Host", "LanRemoteDesktop.Host\LanRemoteDesktop.Host.csproj", "{AA2BB910-CB68-4577-984A-25BD8D79845D}"
EndProject
Project("{FAE04EC0-301F-11D3-BF4B-00C04F79EFBC}") = "LanRemoteDesktop.Client", "LanRemoteDesktop.Client\LanRemoteDesktop.Client.csproj", "{0964A9AA-6BE4-4078-A243-94D4DF591F64}"
EndProject
Global
	GlobalSection(SolutionConfigurationPlatforms) = preSolution
		Debug|Any CPU = Debug|Any CPU
		Release|Any CPU = Release|Any CPU
	EndGlobalSection
	GlobalSection(ProjectConfigurationPlatforms) = postSolution
		{2C374696-FDD1-4289-B62A-F6DE9029A8C6}.Debug|Any CPU.ActiveCfg = Debug|Any CPU
		{2C374696-FDD1-4289-B62A-F6DE9029A8C6}.Debug|Any CPU.Build.0 = Debug|Any CPU
		{2C374696-FDD1-4289-B62A-F6DE9029A8C6}.Release|Any CPU.ActiveCfg = Release|Any CPU
		{2C374696-FDD1-4289-B62A-F6DE9029A8C6}.Release|Any CPU.Build.0 = Release|Any CPU
		{AA2BB910-CB68-4577-984A-25BD8D79845D}.Debug|Any CPU.ActiveCfg = Debug|Any CPU
		{AA2BB910-CB68-4577-984A-25BD8D79845D}.Debug|Any CPU.Build.0 = Debug|Any CPU
		{AA2BB910-CB68-4577-984A-25BD8D79845D}.Release|Any CPU.ActiveCfg = Release|Any CPU
		{AA2BB910-CB68-4577-984A-25BD8D79845D}.Release|Any CPU.Build.0 = Release|Any CPU
		{0964A9AA-6BE4-4078-A243-94D4DF591F64}.Debug|Any CPU.ActiveCfg = Debug|Any CPU
		{0964A9AA-6BE4-4078-A243-94D4DF591F64}.Debug|Any CPU.Build.0 = Debug|Any CPU
		{0964A9AA-6BE4-4078-A243-94D4DF591F64}.Release|Any CPU.ActiveCfg = Release|Any CPU
		{0964A9AA-6BE4-4078-A243-94D4DF591F64}.Release|Any CPU.Build.0 = Release|Any CPU
	EndGlobalSection
	GlobalSection(SolutionProperties) = preSolution
		HideSolutionNode = FALSE
	EndGlobalSection
	GlobalSection(ExtensibilityGlobals) = postSolution
		SolutionGuid = {F8F05AF2-C97D-4A38-8F48-ED2F264062B7}
	EndGlobalSection
EndGlobal
